
Microsoft Visual Studio Solution File, Format Version 12.00
# Visual Studio Version 17
VisualStudioVersion = 17.4.33205.214
MinimumVisualStudioVersion = 10.0.40219.1
Project("{FAE04EC0-301F-11D3-BF4B-00C04F79EFBC}") = "Entity_DBAccess", "Entity_DBAccess\Entity_DBAccess.csproj", "{DAA535FD-1023-49A5-A8E5-56C5571F8FCC}"
EndProject
Global
	GlobalSection(SolutionConfigurationPlatforms) = preSolution
		Debug|Any CPU = Debug|Any CPU
		Release|Any CPU = Release|Any CPU
	EndGlobalSection
	GlobalSection(ProjectConfigurationPlatforms) = postSolution
		{DAA535FD-1023-49A5-A8E5-56C5571F8FCC}.Debug|Any CPU.ActiveCfg = Debug|Any CPU
		{DAA535FD-1023-49A5-A8E5-56C5571F8FCC}.Debug|Any CPU.Build.0 = Debug|Any CPU
		{DAA535FD-1023-49A5-A8E5-56C5571F8FCC}.Release|Any CPU.ActiveCfg = Release|Any CPU
		{DAA535FD-1023-49A5-A8E5-56C5571F8FCC}.Release|Any CPU.Build.0 = Release|Any CPU
	EndGlobalSection
	GlobalSection(SolutionProperties) = preSolution
		HideSolutionNode = FALSE
	EndGlobalSection
	GlobalSection(ExtensibilityGlobals) = postSolution
		SolutionGuid = {DEED36A0-B07E-47B4-9F11-6371BC43229A}
	EndGlobalSection
EndGlobal
